
Microsoft Visual Studio Solution File, Format Version 12.00
# Visual Studio Version 16
VisualStudioVersion = 16.0.29020.237
MinimumVisualStudioVersion = 10.0.40219.1
Project("{9A19103F-16F7-4668-BE54-9A1E7A4F7556}") = "lab-jwt-aspnetcore3", "lab-jwt-aspnetcore3\lab-jwt-aspnetcore3.csproj", "{F1976010-EA5A-4E41-8CD8-5EBF16BDF404}"
EndProject
Global
	GlobalSection(SolutionConfigurationPlatforms) = preSolution
		Debug|Any CPU = Debug|Any CPU
		Release|Any CPU = Release|Any CPU
	EndGlobalSection
	GlobalSection(ProjectConfigurationPlatforms) = postSolution
		{F1976010-EA5A-4E41-8CD8-5EBF16BDF404}.Debug|Any CPU.ActiveCfg = Debug|Any CPU
		{F1976010-EA5A-4E41-8CD8-5EBF16BDF404}.Debug|Any CPU.Build.0 = Debug|Any CPU
		{F1976010-EA5A-4E41-8CD8-5EBF16BDF404}.Release|Any CPU.ActiveCfg = Release|Any CPU
		{F1976010-EA5A-4E41-8CD8-5EBF16BDF404}.Release|Any CPU.Build.0 = Release|Any CPU
	EndGlobalSection
	GlobalSection(SolutionProperties) = preSolution
		HideSolutionNode = FALSE
	EndGlobalSection
	GlobalSection(ExtensibilityGlobals) = postSolution
		SolutionGuid = {6EADD90B-92F9-442D-9582-E998518BE568}
	EndGlobalSection
EndGlobal
